// !$*UTF8*$!
{
	archiveVersion = 1;
	classes = {
	};
	objectVersion = 56;
	objects = {

/* Begin PBXBuildFile section */
		AC061D4E2AE47E30009D1E58 /* DessertInfoViewModel.swift in Sources */ = {isa = PBXBuildFile; fileRef = AC061D4D2AE47E30009D1E58 /* DessertInfoViewModel.swift */; };
		AC061D502AE47E6C009D1E58 /* DessertsViewModel.swift in Sources */ = {isa = PBXBuildFile; fileRef = AC061D4F2AE47E6C009D1E58 /* DessertsViewModel.swift */; };
		ACC594F52AE178FD00980306 /* FetchiOSChallengeApp.swift in Sources */ = {isa = PBXBuildFile; fileRef = ACC594F42AE178FD00980306 /* FetchiOSChallengeApp.swift */; };
		ACC594F72AE178FD00980306 /* ContentView.swift in Sources */ = {isa = PBXBuildFile; fileRef = ACC594F62AE178FD00980306 /* ContentView.swift */; };
		ACC594F92AE178FD00980306 /* Assets.xcassets in Resources */ = {isa = PBXBuildFile; fileRef = ACC594F82AE178FD00980306 /* Assets.xcassets */; };
		ACC594FC2AE178FD00980306 /* Preview Assets.xcassets in Resources */ = {isa = PBXBuildFile; fileRef = ACC594FB2AE178FD00980306 /* Preview Assets.xcassets */; };
		ACC595042AE1793600980306 /* DataModel.swift in Sources */ = {isa = PBXBuildFile; fileRef = ACC595032AE1793600980306 /* DataModel.swift */; };
		ACD0DA3A2AE1A352009FE034 /* DessertItem.swift in Sources */ = {isa = PBXBuildFile; fileRef = ACD0DA392AE1A352009FE034 /* DessertItem.swift */; };
		ACD0DA3C2AE1BD31009FE034 /* DessertDetailView.swift in Sources */ = {isa = PBXBuildFile; fileRef = ACD0DA3B2AE1BD31009FE034 /* DessertDetailView.swift */; };
/* End PBXBuildFile section */

/* Begin PBXFileReference section */
		AC061D4D2AE47E30009D1E58 /* DessertInfoViewModel.swift */ = {isa = PBXFileReference; lastKnownFileType = sourcecode.swift; path = DessertInfoViewModel.swift; sourceTree = "<group>"; };
		AC061D4F2AE47E6C009D1E58 /* DessertsViewModel.swift */ = {isa = PBXFileReference; lastKnownFileType = sourcecode.swift; path = DessertsViewModel.swift; sourceTree = "<group>"; };
		ACC594F12AE178FD00980306 /* FetchiOSChallenge.app */ = {isa = PBXFileReference; explicitFileType = wrapper.application; includeInIndex = 0; path = FetchiOSChallenge.app; sourceTree = BUILT_PRODUCTS_DIR; };
		ACC594F42AE178FD00980306 /* FetchiOSChallengeApp.swift */ = {isa = PBXFileReference; lastKnownFileType = sourcecode.swift; path = FetchiOSChallengeApp.swift; sourceTree = "<group>"; };
		ACC594F62AE178FD00980306 /* ContentView.swift */ = {isa = PBXFileReference; lastKnownFileType = sourcecode.swift; path = ContentView.swift; sourceTree = "<group>"; };
		ACC594F82AE178FD00980306 /* Assets.xcassets */ = {isa = PBXFileReference; lastKnownFileType = folder.assetcatalog; path = Assets.xcassets; sourceTree = "<group>"; };
		ACC594FB2AE178FD00980306 /* Preview Assets.xcassets */ = {isa = PBXFileReference; lastKnownFileType = folder.assetcatalog; path = "Preview Assets.xcassets"; sourceTree = "<group>"; };
		ACC595032AE1793600980306 /* DataModel.swift */ = {isa = PBXFileReference; lastKnownFileType = sourcecode.swift; path = DataModel.swift; sourceTree = "<group>"; };
		ACD0DA392AE1A352009FE034 /* DessertItem.swift */ = {isa = PBXFileReference; lastKnownFileType = sourcecode.swift; path = DessertItem.swift; sourceTree = "<group>"; };
		ACD0DA3B2AE1BD31009FE034 /* DessertDetailView.swift */ = {isa = PBXFileReference; lastKnownFileType = sourcecode.swift; path = DessertDetailView.swift; sourceTree = "<group>"; };
/* End PBXFileReference section */

/* Begin PBXFrameworksBuildPhase section */
		ACC594EE2AE178FD00980306 /* Frameworks */ = {
			isa = PBXFrameworksBuildPhase;
			buildActionMask = 2147483647;
			files = (
			);
			runOnlyForDeploymentPostprocessing = 0;
		};
/* End PBXFrameworksBuildPhase section */

/* Begin PBXGroup section */
		AC061D4C2AE47E0D009D1E58 /* ViewModel */ = {
			isa = PBXGroup;
			children = (
				AC061D4D2AE47E30009D1E58 /* DessertInfoViewModel.swift */,
				AC061D4F2AE47E6C009D1E58 /* DessertsViewModel.swift */,
			);
			path = ViewModel;
			sourceTree = "<group>";
		};
		ACC594E82AE178FD00980306 = {
			isa = PBXGroup;
			children = (
				ACC594F32AE178FD00980306 /* FetchiOSChallenge */,
				ACC594F22AE178FD00980306 /* Products */,
			);
			sourceTree = "<group>";
		};
		ACC594F22AE178FD00980306 /* Products */ = {
			isa = PBXGroup;
			children = (
				ACC594F12AE178FD00980306 /* FetchiOSChallenge.app */,
			);
			name = Products;
			sourceTree = "<group>";
		};
		ACC594F32AE178FD00980306 /* FetchiOSChallenge */ = {
			isa = PBXGroup;
			children = (
				ACC594F42AE178FD00980306 /* FetchiOSChallengeApp.swift */,
				AC061D4C2AE47E0D009D1E58 /* ViewModel */,
				ACC595052AE1885400980306 /* Views */,
				ACC595022AE1792B00980306 /* Data */,
				ACC594F82AE178FD00980306 /* Assets.xcassets */,
				ACC594FA2AE178FD00980306 /* Preview Content */,
			);
			path = FetchiOSChallenge;
			sourceTree = "<group>";
		};
		ACC594FA2AE178FD00980306 /* Preview Content */ = {
			isa = PBXGroup;
			children = (
				ACC594FB2AE178FD00980306 /* Preview Assets.xcassets */,
			);
			path = "Preview Content";
			sourceTree = "<group>";
		};
		ACC595022AE1792B00980306 /* Data */ = {
			isa = PBXGroup;
			children = (
				ACC595032AE1793600980306 /* DataModel.swift */,
			);
			path = Data;
			sourceTree = "<group>";
		};
		ACC595052AE1885400980306 /* Views */ = {
			isa = PBXGroup;
			children = (
				ACC594F62AE178FD00980306 /* ContentView.swift */,
				ACD0DA392AE1A352009FE034 /* DessertItem.swift */,
				ACD0DA3B2AE1BD31009FE034 /* DessertDetailView.swift */,
			);
			path = Views;
			sourceTree = "<group>";
		};
/* End PBXGroup section */

/* Begin PBXNativeTarget section */
		ACC594F02AE178FD00980306 /* FetchiOSChallenge */ = {
			isa = PBXNativeTarget;
			buildConfigurationList = ACC594FF2AE178FD00980306 /* Build configuration list for PBXNativeTarget "FetchiOSChallenge" */;
			buildPhases = (
				ACC594ED2AE178FD00980306 /* Sources */,
				ACC594EE2AE178FD00980306 /* Frameworks */,
				ACC594EF2AE178FD00980306 /* Resources */,
			);
			buildRules = (
			);
			dependencies = (
			);
			name = FetchiOSChallenge;
			productName = FetchiOSChallenge;
			productReference = ACC594F12AE178FD00980306 /* FetchiOSChallenge.app */;
			productType = "com.apple.product-type.application";
		};
/* End PBXNativeTarget section */

/* Begin PBXProject section */
		ACC594E92AE178FD00980306 /* Project object */ = {
			isa = PBXProject;
			attributes = {
				BuildIndependentTargetsInParallel = 1;
				LastSwiftUpdateCheck = 1430;
				LastUpgradeCheck = 1430;
				TargetAttributes = {
					ACC594F02AE178FD00980306 = {
						CreatedOnToolsVersion = 14.3;
					};
				};
			};
			buildConfigurationList = ACC594EC2AE178FD00980306 /* Build configuration list for PBXProject "FetchiOSChallenge" */;
			compatibilityVersion = "Xcode 14.0";
			developmentRegion = en;
			hasScannedForEncodings = 0;
			knownRegions = (
				en,
				Base,
			);
			mainGroup = ACC594E82AE178FD00980306;
			productRefGroup = ACC594F22AE178FD00980306 /* Products */;
			projectDirPath = "";
			projectRoot = "";
			targets = (
				ACC594F02AE178FD00980306 /* FetchiOSChallenge */,
			);
		};
/* End PBXProject section */

/* Begin PBXResourcesBuildPhase section */
		ACC594EF2AE178FD00980306 /* Resources */ = {
			isa = PBXResourcesBuildPhase;
			buildActionMask = 2147483647;
			files = (
				ACC594FC2AE178FD00980306 /* Preview Assets.xcassets in Resources */,
				ACC594F92AE178FD00980306 /* Assets.xcassets in Resources */,
			);
			runOnlyForDeploymentPostprocessing = 0;
		};
/* End PBXResourcesBuildPhase section */

/* Begin PBXSourcesBuildPhase section */
		ACC594ED2AE178FD00980306 /* Sources */ = {
			isa = PBXSourcesBuildPhase;
			buildActionMask = 2147483647;
			files = (
				ACC594F72AE178FD00980306 /* ContentView.swift in Sources */,
				ACC594F52AE178FD00980306 /* FetchiOSChallengeApp.swift in Sources */,
				ACD0DA3C2AE1BD31009FE034 /* DessertDetailView.swift in Sources */,
				AC061D502AE47E6C009D1E58 /* DessertsViewModel.swift in Sources */,
				AC061D4E2AE47E30009D1E58 /* DessertInfoViewModel.swift in Sources */,
				ACD0DA3A2AE1A352009FE034 /* DessertItem.swift in Sources */,
				ACC595042AE1793600980306 /* DataModel.swift in Sources */,
			);
			runOnlyForDeploymentPostprocessing = 0;
		};
/* End PBXSourcesBuildPhase section */

/* Begin XCBuildConfiguration section */
		ACC594FD2AE178FD00980306 /* Debug */ = {
			isa = XCBuildConfiguration;
			buildSettings = {
				ALWAYS_SEARCH_USER_PATHS = NO;
				CLANG_ANALYZER_NONNULL = YES;
				CLANG_ANALYZER_NUMBER_OBJECT_CONVERSION = YES_AGGRESSIVE;
				CLANG_CXX_LANGUAGE_STANDARD = "gnu++20";
				CLANG_ENABLE_MODULES = YES;
				CLANG_ENABLE_OBJC_ARC = YES;
				CLANG_ENABLE_OBJC_WEAK = YES;
				CLANG_WARN_BLOCK_CAPTURE_AUTORELEASING = YES;
				CLANG_WARN_BOOL_CONVERSION = YES;
				CLANG_WARN_COMMA = YES;
				CLANG_WARN_CONSTANT_CONVERSION = YES;
				CLANG_WARN_DEPRECATED_OBJC_IMPLEMENTATIONS = YES;
				CLANG_WARN_DIRECT_OBJC_ISA_USAGE = YES_ERROR;
				CLANG_WARN_DOCUMENTATION_COMMENTS = YES;
				CLANG_WARN_EMPTY_BODY = YES;
				CLANG_WARN_ENUM_CONVERSION = YES;
				CLANG_WARN_INFINITE_RECURSION = YES;
				CLANG_WARN_INT_CONVERSION = YES;
				CLANG_WARN_NON_LITERAL_NULL_CONVERSION = YES;
				CLANG_WARN_OBJC_IMPLICIT_RETAIN_SELF = YES;
				CLANG_WARN_OBJC_LITERAL_CONVERSION = YES;
				CLANG_WARN_OBJC_ROOT_CLASS = YES_ERROR;
				CLANG_WARN_QUOTED_INCLUDE_IN_FRAMEWORK_HEADER = YES;
				CLANG_WARN_RANGE_LOOP_ANALYSIS = YES;
				CLANG_WARN_STRICT_PROTOTYPES = YES;
				CLANG_WARN_SUSPICIOUS_MOVE = YES;
				CLANG_WARN_UNGUARDED_AVAILABILITY = YES_AGGRESSIVE;
				CLANG_WARN_UNREACHABLE_CODE = YES;
				CLANG_WARN__DUPLICATE_METHOD_MATCH = YES;
				COPY_PHASE_STRIP = NO;
				DEBUG_INFORMATION_FORMAT = dwarf;
				ENABLE_STRICT_OBJC_MSGSEND = YES;
				ENABLE_TESTABILITY = YES;
				GCC_C_LANGUAGE_STANDARD = gnu11;
				GCC_DYNAMIC_NO_PIC = NO;
				GCC_NO_COMMON_BLOCKS = YES;
				GCC_OPTIMIZATION_LEVEL = 0;
				GCC_PREPROCESSOR_DEFINITIONS = (
					"DEBUG=1",
					"$(inherited)",
				);
				GCC_WARN_64_TO_32_BIT_CONVERSION = YES;
				GCC_WARN_ABOUT_RETURN_TYPE = YES_ERROR;
				GCC_WARN_UNDECLARED_SELECTOR = YES;
				GCC_WARN_UNINITIALIZED_AUTOS = YES_AGGRESSIVE;
				GCC_WARN_UNUSED_FUNCTION = YES;
				GCC_WARN_UNUSED_VARIABLE = YES;
				IPHONEOS_DEPLOYMENT_TARGET = 16.1;
				MTL_ENABLE_DEBUG_INFO = INCLUDE_SOURCE;
				MTL_FAST_MATH = YES;
				ONLY_ACTIVE_ARCH = YES;
				SDKROOT = iphoneos;
				SWIFT_ACTIVE_COMPILATION_CONDITIONS = DEBUG;
				SWIFT_OPTIMIZATION_LEVEL = "-Onone";
			};
			name = Debug;
		};
		ACC594FE2AE178FD00980306 /* Release */ = {
			isa = XCBuildConfiguration;
			buildSettings = {
				ALWAYS_SEARCH_USER_PATHS = NO;
				CLANG_ANALYZER_NONNULL = YES;
				CLANG_ANALYZER_NUMBER_OBJECT_CONVERSION = YES_AGGRESSIVE;
				CLANG_CXX_LANGUAGE_STANDARD = "gnu++20";
				CLANG_ENABLE_MODULES = YES;
				CLANG_ENABLE_OBJC_ARC = YES;
				CLANG_ENABLE_OBJC_WEAK = YES;
				CLANG_WARN_BLOCK_CAPTURE_AUTORELEASING = YES;
				CLANG_WARN_BOOL_CONVERSION = YES;
				CLANG_WARN_COMMA = YES;
				CLANG_WARN_CONSTANT_CONVERSION = YES;
				CLANG_WARN_DEPRECATED_OBJC_IMPLEMENTATIONS = YES;
				CLANG_WARN_DIRECT_OBJC_ISA_USAGE = YES_ERROR;
				CLANG_WARN_DOCUMENTATION_COMMENTS = YES;
				CLANG_WARN_EMPTY_BODY = YES;
				CLANG_WARN_ENUM_CONVERSION = YES;
				CLANG_WARN_INFINITE_RECURSION = YES;
				CLANG_WARN_INT_CONVERSION = YES;
				CLANG_WARN_NON_LITERAL_NULL_CONVERSION = YES;
				CLANG_WARN_OBJC_IMPLICIT_RETAIN_SELF = YES;
				CLANG_WARN_OBJC_LITERAL_CONVERSION = YES;
				CLANG_WARN_OBJC_ROOT_CLASS = YES_ERROR;
				CLANG_WARN_QUOTED_INCLUDE_IN_FRAMEWORK_HEADER = YES;
				CLANG_WARN_RANGE_LOOP_ANALYSIS = YES;
				CLANG_WARN_STRICT_PROTOTYPES = YES;
				CLANG_WARN_SUSPICIOUS_MOVE = YES;
				CLANG_WARN_UNGUARDED_AVAILABILITY = YES_AGGRESSIVE;
				CLANG_WARN_UNREACHABLE_CODE = YES;
				CLANG_WARN__DUPLICATE_METHOD_MATCH = YES;
				COPY_PHASE_STRIP = NO;
				DEBUG_INFORMATION_FORMAT = "dwarf-with-dsym";
				ENABLE_NS_ASSERTIONS = NO;
				ENABLE_STRICT_OBJC_MSGSEND = YES;
				GCC_C_LANGUAGE_STANDARD = gnu11;
				GCC_NO_COMMON_BLOCKS = YES;
				GCC_WARN_64_TO_32_BIT_CONVERSION = YES;
				GCC_WARN_ABOUT_RETURN_TYPE = YES_ERROR;
				GCC_WARN_UNDECLARED_SELECTOR = YES;
				GCC_WARN_UNINITIALIZED_AUTOS = YES_AGGRESSIVE;
				GCC_WARN_UNUSED_FUNCTION = YES;
				GCC_WARN_UNUSED_VARIABLE = YES;
				IPHONEOS_DEPLOYMENT_TARGET = 16.1;
				MTL_ENABLE_DEBUG_INFO = NO;
				MTL_FAST_MATH = YES;
				SDKROOT = iphoneos;
				SWIFT_COMPILATION_MODE = wholemodule;
				SWIFT_OPTIMIZATION_LEVEL = "-O";
				VALIDATE_PRODUCT = YES;
			};
			name = Release;
		};
		ACC595002AE178FD00980306 /* Debug */ = {
			isa = XCBuildConfiguration;
			buildSettings = {
				ASSETCATALOG_COMPILER_APPICON_NAME = AppIcon;
				ASSETCATALOG_COMPILER_GLOBAL_ACCENT_COLOR_NAME = AccentColor;
				CODE_SIGN_STYLE = Automatic;
				CURRENT_PROJECT_VERSION = 1;
				DEVELOPMENT_ASSET_PATHS = "\"FetchiOSChallenge/Preview Content\"";
				DEVELOPMENT_TEAM = TRHNAKB283;
				ENABLE_PREVIEWS = YES;
				GENERATE_INFOPLIST_FILE = YES;
				INFOPLIST_KEY_UIApplicationSceneManifest_Generation = YES;
				INFOPLIST_KEY_UIApplicationSupportsIndirectInputEvents = YES;
				INFOPLIST_KEY_UILaunchScreen_Generation = YES;
				INFOPLIST_KEY_UISupportedInterfaceOrientations_iPad = "UIInterfaceOrientationPortrait UIInterfaceOrientationPortraitUpsideDown UIInterfaceOrientationLandscapeLeft UIInterfaceOrientationLandscapeRight";
				INFOPLIST_KEY_UISupportedInterfaceOrientations_iPhone = "UIInterfaceOrientationPortrait UIInterfaceOrientationLandscapeLeft UIInterfaceOrientationLandscapeRight";
				LD_RUNPATH_SEARCH_PATHS = (
					"$(inherited)",
					"@executable_path/Frameworks",
				);
				MARKETING_VERSION = 1.0;
				PRODUCT_BUNDLE_IDENTIFIER = me.mario.valencia.FetchiOSChallenge;
				PRODUCT_NAME = "$(TARGET_NAME)";
				SWIFT_EMIT_LOC_STRINGS = YES;
				SWIFT_VERSION = 5.0;
				TARGETED_DEVICE_FAMILY = "1,2";
			};
			name = Debug;
		};
		ACC595012AE178FD00980306 /* Release */ = {
			isa = XCBuildConfiguration;
			buildSettings = {
				ASSETCATALOG_COMPILER_APPICON_NAME = AppIcon;
				ASSETCATALOG_COMPILER_GLOBAL_ACCENT_COLOR_NAME = AccentColor;
				CODE_SIGN_STYLE = Automatic;
				CURRENT_PROJECT_VERSION = 1;
				DEVELOPMENT_ASSET_PATHS = "\"FetchiOSChallenge/Preview Content\"";
				DEVELOPMENT_TEAM = TRHNAKB283;
				ENABLE_PREVIEWS = YES;
				GENERATE_INFOPLIST_FILE = YES;
				INFOPLIST_KEY_UIApplicationSceneManifest_Generation = YES;
				INFOPLIST_KEY_UIApplicationSupportsIndirectInputEvents = YES;
				INFOPLIST_KEY_UILaunchScreen_Generation = YES;
				INFOPLIST_KEY_UISupportedInterfaceOrientations_iPad = "UIInterfaceOrientationPortrait UIInterfaceOrientationPortraitUpsideDown UIInterfaceOrientationLandscapeLeft UIInterfaceOrientationLandscapeRight";
				INFOPLIST_KEY_UISupportedInterfaceOrientations_iPhone = "UIInterfaceOrientationPortrait UIInterfaceOrientationLandscapeLeft UIInterfaceOrientationLandscapeRight";
				LD_RUNPATH_SEARCH_PATHS = (
					"$(inherited)",
					"@executable_path/Frameworks",
				);
				MARKETING_VERSION = 1.0;
				PRODUCT_BUNDLE_IDENTIFIER = me.mario.valencia.FetchiOSChallenge;
				PRODUCT_NAME = "$(TARGET_NAME)";
				SWIFT_EMIT_LOC_STRINGS = YES;
				SWIFT_VERSION = 5.0;
				TARGETED_DEVICE_FAMILY = "1,2";
			};
			name = Release;
		};
/* End XCBuildConfiguration section */

/* Begin XCConfigurationList section */
		ACC594EC2AE178FD00980306 /* Build configuration list for PBXProject "FetchiOSChallenge" */ = {
			isa = XCConfigurationList;
			buildConfigurations = (
				ACC594FD2AE178FD00980306 /* Debug */,
				ACC594FE2AE178FD00980306 /* Release */,
			);
			defaultConfigurationIsVisible = 0;
			defaultConfigurationName = Release;
		};
		ACC594FF2AE178FD00980306 /* Build configuration list for PBXNativeTarget "FetchiOSChallenge" */ = {
			isa = XCConfigurationList;
			buildConfigurations = (
				ACC595002AE178FD00980306 /* Debug */,
				ACC595012AE178FD00980306 /* Release */,
			);
			defaultConfigurationIsVisible = 0;
			defaultConfigurationName = Release;
		};
/* End XCConfigurationList section */
	};
	rootObject = ACC594E92AE178FD00980306 /* Project object */;
}
